
Microsoft Visual Studio Solution File, Format Version 12.00
# Visual Studio 14
VisualStudioVersion = 14.0.25420.1
MinimumVisualStudioVersion = 10.0.40219.1
Project("{FAE04EC0-301F-11D3-BF4B-00C04F79EFBC}") = "ArrayFlatten", "ArrayFlatten\ArrayFlatten.csproj", "{CF831BCA-5217-41B3-A3F9-BCD5C8C705F5}"
EndProject
Project("{FAE04EC0-301F-11D3-BF4B-00C04F79EFBC}") = "TestArrayDepth", "TestArrayDepth\TestArrayDepth.csproj", "{61B01A7F-6A3A-4EF9-BAA1-E4337ACBA0D4}"
EndProject
Global
	GlobalSection(SolutionConfigurationPlatforms) = preSolution
		Debug|Any CPU = Debug|Any CPU
		Release|Any CPU = Release|Any CPU
	EndGlobalSection
	GlobalSection(ProjectConfigurationPlatforms) = postSolution
		{CF831BCA-5217-41B3-A3F9-BCD5C8C705F5}.Debug|Any CPU.ActiveCfg = Debug|Any CPU
		{CF831BCA-5217-41B3-A3F9-BCD5C8C705F5}.Debug|Any CPU.Build.0 = Debug|Any CPU
		{CF831BCA-5217-41B3-A3F9-BCD5C8C705F5}.Release|Any CPU.ActiveCfg = Release|Any CPU
		{CF831BCA-5217-41B3-A3F9-BCD5C8C705F5}.Release|Any CPU.Build.0 = Release|Any CPU
		{61B01A7F-6A3A-4EF9-BAA1-E4337ACBA0D4}.Debug|Any CPU.ActiveCfg = Debug|Any CPU
		{61B01A7F-6A3A-4EF9-BAA1-E4337ACBA0D4}.Debug|Any CPU.Build.0 = Debug|Any CPU
		{61B01A7F-6A3A-4EF9-BAA1-E4337ACBA0D4}.Release|Any CPU.ActiveCfg = Release|Any CPU
		{61B01A7F-6A3A-4EF9-BAA1-E4337ACBA0D4}.Release|Any CPU.Build.0 = Release|Any CPU
	EndGlobalSection
	GlobalSection(SolutionProperties) = preSolution
		HideSolutionNode = FALSE
	EndGlobalSection
EndGlobal
